
Microsoft Visual Studio Solution File, Format Version 12.00
# Visual Studio 15
VisualStudioVersion = 15.0.28307.329
MinimumVisualStudioVersion = 10.0.40219.1
Project("{FAE04EC0-301F-11D3-BF4B-00C04F79EFBC}") = "HelloApp.Android", "HelloApp\HelloApp.Android\HelloApp.Android.csproj", "{583F3720-2F11-4A3E-A372-7973BB809863}"
EndProject
Project("{FAE04EC0-301F-11D3-BF4B-00C04F79EFBC}") = "HelloApp.iOS", "HelloApp\HelloApp.iOS\HelloApp.iOS.csproj", "{4CD21C7E-84EA-4F6E-BC87-F84B865C3401}"
EndProject
Project("{FAE04EC0-301F-11D3-BF4B-00C04F79EFBC}") = "HelloApp", "HelloApp\HelloApp\HelloApp.csproj", "{77247EAB-CDE4-4542-95A7-C3B116524697}"
EndProject
Global
	GlobalSection(SolutionConfigurationPlatforms) = preSolution
		Ad-Hoc|Any CPU = Ad-Hoc|Any CPU
		Ad-Hoc|iPhone = Ad-Hoc|iPhone
		Ad-Hoc|iPhoneSimulator = Ad-Hoc|iPhoneSimulator
		AppStore|Any CPU = AppStore|Any CPU
		AppStore|iPhone = AppStore|iPhone
		AppStore|iPhoneSimulator = AppStore|iPhoneSimulator
		Debug|Any CPU = Debug|Any CPU
		Debug|iPhone = Debug|iPhone
		Debug|iPhoneSimulator = Debug|iPhoneSimulator
		Release|Any CPU = Release|Any CPU
		Release|iPhone = Release|iPhone
		Release|iPhoneSimulator = Release|iPhoneSimulator
	EndGlobalSection
	GlobalSection(ProjectConfigurationPlatforms) = postSolution
		{583F3720-2F11-4A3E-A372-7973BB809863}.Ad-Hoc|Any CPU.ActiveCfg = Release|Any CPU
		{583F3720-2F11-4A3E-A372-7973BB809863}.Ad-Hoc|Any CPU.Build.0 = Release|Any CPU
		{583F3720-2F11-4A3E-A372-7973BB809863}.Ad-Hoc|Any CPU.Deploy.0 = Release|Any CPU
		{583F3720-2F11-4A3E-A372-7973BB809863}.Ad-Hoc|iPhone.ActiveCfg = Release|Any CPU
		{583F3720-2F11-4A3E-A372-7973BB809863}.Ad-Hoc|iPhone.Build.0 = Release|Any CPU
		{583F3720-2F11-4A3E-A372-7973BB809863}.Ad-Hoc|iPhone.Deploy.0 = Release|Any CPU
		{583F3720-2F11-4A3E-A372-7973BB809863}.Ad-Hoc|iPhoneSimulator.ActiveCfg = Release|Any CPU
		{583F3720-2F11-4A3E-A372-7973BB809863}.Ad-Hoc|iPhoneSimulator.Build.0 = Release|Any CPU
		{583F3720-2F11-4A3E-A372-7973BB809863}.Ad-Hoc|iPhoneSimulator.Deploy.0 = Release|Any CPU
		{583F3720-2F11-4A3E-A372-7973BB809863}.AppStore|Any CPU.ActiveCfg = Release|Any CPU
		{583F3720-2F11-4A3E-A372-7973BB809863}.AppStore|Any CPU.Build.0 = Release|Any CPU
		{583F3720-2F11-4A3E-A372-7973BB809863}.AppStore|Any CPU.Deploy.0 = Release|Any CPU
		{583F3720-2F11-4A3E-A372-7973BB809863}.AppStore|iPhone.ActiveCfg = Release|Any CPU
		{583F3720-2F11-4A3E-A372-7973BB809863}.AppStore|iPhone.Build.0 = Release|Any CPU
		{583F3720-2F11-4A3E-A372-7973BB809863}.AppStore|iPhone.Deploy.0 = Release|Any CPU
		{583F3720-2F11-4A3E-A372-7973BB809863}.AppStore|iPhoneSimulator.ActiveCfg = Release|Any CPU
		{583F3720-2F11-4A3E-A372-7973BB809863}.AppStore|iPhoneSimulator.Build.0 = Release|Any CPU
		{583F3720-2F11-4A3E-A372-7973BB809863}.AppStore|iPhoneSimulator.Deploy.0 = Release|Any CPU
		{583F3720-2F11-4A3E-A372-7973BB809863}.Debug|Any CPU.ActiveCfg = Debug|Any CPU
		{583F3720-2F11-4A3E-A372-7973BB809863}.Debug|Any CPU.Build.0 = Debug|Any CPU
		{583F3720-2F11-4A3E-A372-7973BB809863}.Debug|Any CPU.Deploy.0 = Debug|Any CPU
		{583F3720-2F11-4A3E-A372-7973BB809863}.Debug|iPhone.ActiveCfg = Debug|Any CPU
		{583F3720-2F11-4A3E-A372-7973BB809863}.Debug|iPhone.Build.0 = Debug|Any CPU
		{583F3720-2F11-4A3E-A372-7973BB809863}.Debug|iPhone.Deploy.0 = Debug|Any CPU
		{583F3720-2F11-4A3E-A372-7973BB809863}.Debug|iPhoneSimulator.ActiveCfg = Debug|Any CPU
		{583F3720-2F11-4A3E-A372-7973BB809863}.Debug|iPhoneSimulator.Build.0 = Debug|Any CPU
		{583F3720-2F11-4A3E-A372-7973BB809863}.Debug|iPhoneSimulator.Deploy.0 = Debug|Any CPU
		{583F3720-2F11-4A3E-A372-7973BB809863}.Release|Any CPU.ActiveCfg = Release|Any CPU
		{583F3720-2F11-4A3E-A372-7973BB809863}.Release|Any CPU.Build.0 = Release|Any CPU
		{583F3720-2F11-4A3E-A372-7973BB809863}.Release|Any CPU.Deploy.0 = Release|Any CPU
		{583F3720-2F11-4A3E-A372-7973BB809863}.Release|iPhone.ActiveCfg = Release|Any CPU
		{583F3720-2F11-4A3E-A372-7973BB809863}.Release|iPhone.Build.0 = Release|Any CPU
		{583F3720-2F11-4A3E-A372-7973BB809863}.Release|iPhone.Deploy.0 = Release|Any CPU
		{583F3720-2F11-4A3E-A372-7973BB809863}.Release|iPhoneSimulator.ActiveCfg = Release|Any CPU
		{583F3720-2F11-4A3E-A372-7973BB809863}.Release|iPhoneSimulator.Build.0 = Release|Any CPU
		{583F3720-2F11-4A3E-A372-7973BB809863}.Release|iPhoneSimulator.Deploy.0 = Release|Any CPU
		{4CD21C7E-84EA-4F6E-BC87-F84B865C3401}.Ad-Hoc|Any CPU.ActiveCfg = Ad-Hoc|iPhone
		{4CD21C7E-84EA-4F6E-BC87-F84B865C3401}.Ad-Hoc|Any CPU.Build.0 = Ad-Hoc|iPhone
		{4CD21C7E-84EA-4F6E-BC87-F84B865C3401}.Ad-Hoc|Any CPU.Deploy.0 = Ad-Hoc|iPhone
		{4CD21C7E-84EA-4F6E-BC87-F84B865C3401}.Ad-Hoc|iPhone.ActiveCfg = Ad-Hoc|iPhone
		{4CD21C7E-84EA-4F6E-BC87-F84B865C3401}.Ad-Hoc|iPhone.Build.0 = Ad-Hoc|iPhone
		{4CD21C7E-84EA-4F6E-BC87-F84B865C3401}.Ad-Hoc|iPhone.Deploy.0 = Ad-Hoc|iPhone
		{4CD21C7E-84EA-4F6E-BC87-F84B865C3401}.Ad-Hoc|iPhoneSimulator.ActiveCfg = Ad-Hoc|iPhoneSimulator
		{4CD21C7E-84EA-4F6E-BC87-F84B865C3401}.Ad-Hoc|iPhoneSimulator.Build.0 = Ad-Hoc|iPhoneSimulator
		{4CD21C7E-84EA-4F6E-BC87-F84B865C3401}.Ad-Hoc|iPhoneSimulator.Deploy.0 = Ad-Hoc|iPhoneSimulator
		{4CD21C7E-84EA-4F6E-BC87-F84B865C3401}.AppStore|Any CPU.ActiveCfg = AppStore|iPhone
		{4CD21C7E-84EA-4F6E-BC87-F84B865C3401}.AppStore|Any CPU.Build.0 = AppStore|iPhone
		{4CD21C7E-84EA-4F6E-BC87-F84B865C3401}.AppStore|Any CPU.Deploy.0 = AppStore|iPhone
		{4CD21C7E-84EA-4F6E-BC87-F84B865C3401}.AppStore|iPhone.ActiveCfg = AppStore|iPhone
		{4CD21C7E-84EA-4F6E-BC87-F84B865C3401}.AppStore|iPhone.Build.0 = AppStore|iPhone
		{4CD21C7E-84EA-4F6E-BC87-F84B865C3401}.AppStore|iPhone.Deploy.0 = AppStore|iPhone
		{4CD21C7E-84EA-4F6E-BC87-F84B865C3401}.AppStore|iPhoneSimulator.ActiveCfg = AppStore|iPhoneSimulator
		{4CD21C7E-84EA-4F6E-BC87-F84B865C3401}.AppStore|iPhoneSimulator.Build.0 = AppStore|iPhoneSimulator
		{4CD21C7E-84EA-4F6E-BC87-F84B865C3401}.AppStore|iPhoneSimulator.Deploy.0 = AppStore|iPhoneSimulator
		{4CD21C7E-84EA-4F6E-BC87-F84B865C3401}.Debug|Any CPU.ActiveCfg = Debug|iPhoneSimulator
		{4CD21C7E-84EA-4F6E-BC87-F84B865C3401}.Debug|Any CPU.Build.0 = Debug|iPhoneSimulator
		{4CD21C7E-84EA-4F6E-BC87-F84B865C3401}.Debug|Any CPU.Deploy.0 = Debug|iPhoneSimulator
		{4CD21C7E-84EA-4F6E-BC87-F84B865C3401}.Debug|iPhone.ActiveCfg = Debug|iPhone
		{4CD21C7E-84EA-4F6E-BC87-F84B865C3401}.Debug|iPhone.Build.0 = Debug|iPhone
		{4CD21C7E-84EA-4F6E-BC87-F84B865C3401}.Debug|iPhone.Deploy.0 = Debug|iPhone
		{4CD21C7E-84EA-4F6E-BC87-F84B865C3401}.Debug|iPhoneSimulator.ActiveCfg = Debug|iPhoneSimulator
		{4CD21C7E-84EA-4F6E-BC87-F84B865C3401}.Debug|iPhoneSimulator.Build.0 = Debug|iPhoneSimulator
		{4CD21C7E-84EA-4F6E-BC87-F84B865C3401}.Debug|iPhoneSimulator.Deploy.0 = Debug|iPhoneSimulator
		{4CD21C7E-84EA-4F6E-BC87-F84B865C3401}.Release|Any CPU.ActiveCfg = Release|iPhone
		{4CD21C7E-84EA-4F6E-BC87-F84B865C3401}.Release|Any CPU.Build.0 = Release|iPhone
		{4CD21C7E-84EA-4F6E-BC87-F84B865C3401}.Release|Any CPU.Deploy.0 = Release|iPhone
		{4CD21C7E-84EA-4F6E-BC87-F84B865C3401}.Release|iPhone.ActiveCfg = Release|iPhone
		{4CD21C7E-84EA-4F6E-BC87-F84B865C3401}.Release|iPhone.Build.0 = Release|iPhone
		{4CD21C7E-84EA-4F6E-BC87-F84B865C3401}.Release|iPhone.Deploy.0 = Release|iPhone
		{4CD21C7E-84EA-4F6E-BC87-F84B865C3401}.Release|iPhoneSimulator.ActiveCfg = Release|iPhoneSimulator
		{4CD21C7E-84EA-4F6E-BC87-F84B865C3401}.Release|iPhoneSimulator.Build.0 = Release|iPhoneSimulator
		{4CD21C7E-84EA-4F6E-BC87-F84B865C3401}.Release|iPhoneSimulator.Deploy.0 = Release|iPhoneSimulator
		{77247EAB-CDE4-4542-95A7-C3B116524697}.Ad-Hoc|Any CPU.ActiveCfg = Debug|Any CPU
		{77247EAB-CDE4-4542-95A7-C3B116524697}.Ad-Hoc|Any CPU.Build.0 = Debug|Any CPU
		{77247EAB-CDE4-4542-95A7-C3B116524697}.Ad-Hoc|Any CPU.Deploy.0 = Debug|Any CPU
		{77247EAB-CDE4-4542-95A7-C3B116524697}.Ad-Hoc|iPhone.ActiveCfg = Debug|Any CPU
		{77247EAB-CDE4-4542-95A7-C3B116524697}.Ad-Hoc|iPhone.Build.0 = Debug|Any CPU
		{77247EAB-CDE4-4542-95A7-C3B116524697}.Ad-Hoc|iPhone.Deploy.0 = Debug|Any CPU
		{77247EAB-CDE4-4542-95A7-C3B116524697}.Ad-Hoc|iPhoneSimulator.ActiveCfg = Debug|Any CPU
		{77247EAB-CDE4-4542-95A7-C3B116524697}.Ad-Hoc|iPhoneSimulator.Build.0 = Debug|Any CPU
		{77247EAB-CDE4-4542-95A7-C3B116524697}.Ad-Hoc|iPhoneSimulator.Deploy.0 = Debug|Any CPU
		{77247EAB-CDE4-4542-95A7-C3B116524697}.AppStore|Any CPU.ActiveCfg = Debug|Any CPU
		{77247EAB-CDE4-4542-95A7-C3B116524697}.AppStore|Any CPU.Build.0 = Debug|Any CPU
		{77247EAB-CDE4-4542-95A7-C3B116524697}.AppStore|Any CPU.Deploy.0 = Debug|Any CPU
		{77247EAB-CDE4-4542-95A7-C3B116524697}.AppStore|iPhone.ActiveCfg = Debug|Any CPU
		{77247EAB-CDE4-4542-95A7-C3B116524697}.AppStore|iPhone.Build.0 = Debug|Any CPU
		{77247EAB-CDE4-4542-95A7-C3B116524697}.AppStore|iPhone.Deploy.0 = Debug|Any CPU
		{77247EAB-CDE4-4542-95A7-C3B116524697}.AppStore|iPhoneSimulator.ActiveCfg = Debug|Any CPU
		{77247EAB-CDE4-4542-95A7-C3B116524697}.AppStore|iPhoneSimulator.Build.0 = Debug|Any CPU
		{77247EAB-CDE4-4542-95A7-C3B116524697}.AppStore|iPhoneSimulator.Deploy.0 = Debug|Any CPU
		{77247EAB-CDE4-4542-95A7-C3B116524697}.Debug|Any CPU.ActiveCfg = Debug|Any CPU
		{77247EAB-CDE4-4542-95A7-C3B116524697}.Debug|Any CPU.Build.0 = Debug|Any CPU
		{77247EAB-CDE4-4542-95A7-C3B116524697}.Debug|Any CPU.Deploy.0 = Debug|Any CPU
		{77247EAB-CDE4-4542-95A7-C3B116524697}.Debug|iPhone.ActiveCfg = Debug|Any CPU
		{77247EAB-CDE4-4542-95A7-C3B116524697}.Debug|iPhone.Build.0 = Debug|Any CPU
		{77247EAB-CDE4-4542-95A7-C3B116524697}.Debug|iPhone.Deploy.0 = Debug|Any CPU
		{77247EAB-CDE4-4542-95A7-C3B116524697}.Debug|iPhoneSimulator.ActiveCfg = Debug|Any CPU
		{77247EAB-CDE4-4542-95A7-C3B116524697}.Debug|iPhoneSimulator.Build.0 = Debug|Any CPU
		{77247EAB-CDE4-4542-95A7-C3B116524697}.Debug|iPhoneSimulator.Deploy.0 = Debug|Any CPU
		{77247EAB-CDE4-4542-95A7-C3B116524697}.Release|Any CPU.ActiveCfg = Release|Any CPU
		{77247EAB-CDE4-4542-95A7-C3B116524697}.Release|Any CPU.Build.0 = Release|Any CPU
		{77247EAB-CDE4-4542-95A7-C3B116524697}.Release|Any CPU.Deploy.0 = Release|Any CPU
		{77247EAB-CDE4-4542-95A7-C3B116524697}.Release|iPhone.ActiveCfg = Release|Any CPU
		{77247EAB-CDE4-4542-95A7-C3B116524697}.Release|iPhone.Build.0 = Release|Any CPU
		{77247EAB-CDE4-4542-95A7-C3B116524697}.Release|iPhone.Deploy.0 = Release|Any CPU
		{77247EAB-CDE4-4542-95A7-C3B116524697}.Release|iPhoneSimulator.ActiveCfg = Release|Any CPU
		{77247EAB-CDE4-4542-95A7-C3B116524697}.Release|iPhoneSimulator.Build.0 = Release|Any CPU
		{77247EAB-CDE4-4542-95A7-C3B116524697}.Release|iPhoneSimulator.Deploy.0 = Release|Any CPU
	EndGlobalSection
	GlobalSection(SolutionProperties) = preSolution
		HideSolutionNode = FALSE
	EndGlobalSection
	GlobalSection(ExtensibilityGlobals) = postSolution
		SolutionGuid = {F4ED2D4C-10DB-49D0-BAEE-16BF0F08AE54}
	EndGlobalSection
EndGlobal
